
Microsoft Visual Studio Solution File, Format Version 12.00
# Visual Studio Version 16
VisualStudioVersion = 16.0.31624.102
MinimumVisualStudioVersion = 10.0.40219.1
Project("{8BC9CEB8-8B4A-11D0-8D11-00A0C91BC942}") = "parseTree", "parseTree.vcxproj", "{AAB4AB6E-CC5A-41AF-B012-E4B87616351E}"
EndProject
Global
	GlobalSection(SolutionConfigurationPlatforms) = preSolution
		Debug|x64 = Debug|x64
		Debug|x86 = Debug|x86
		Release|x64 = Release|x64
		Release|x86 = Release|x86
	EndGlobalSection
	GlobalSection(ProjectConfigurationPlatforms) = postSolution
		{AAB4AB6E-CC5A-41AF-B012-E4B87616351E}.Debug|x64.ActiveCfg = Debug|x64
		{AAB4AB6E-CC5A-41AF-B012-E4B87616351E}.Debug|x64.Build.0 = Debug|x64
		{AAB4AB6E-CC5A-41AF-B012-E4B87616351E}.Debug|x86.ActiveCfg = Debug|Win32
		{AAB4AB6E-CC5A-41AF-B012-E4B87616351E}.Debug|x86.Build.0 = Debug|Win32
		{AAB4AB6E-CC5A-41AF-B012-E4B87616351E}.Release|x64.ActiveCfg = Release|x64
		{AAB4AB6E-CC5A-41AF-B012-E4B87616351E}.Release|x64.Build.0 = Release|x64
		{AAB4AB6E-CC5A-41AF-B012-E4B87616351E}.Release|x86.ActiveCfg = Release|Win32
		{AAB4AB6E-CC5A-41AF-B012-E4B87616351E}.Release|x86.Build.0 = Release|Win32
	EndGlobalSection
	GlobalSection(SolutionProperties) = preSolution
		HideSolutionNode = FALSE
	EndGlobalSection
	GlobalSection(ExtensibilityGlobals) = postSolution
		SolutionGuid = {67855184-7B1D-4B05-94F7-88F14277A6DB}
	EndGlobalSection
EndGlobal
