
Microsoft Visual Studio Solution File, Format Version 12.00
# Visual Studio Version 16
VisualStudioVersion = 16.0.31624.102
MinimumVisualStudioVersion = 10.0.40219.1
Project("{8BC9CEB8-8B4A-11D0-8D11-00A0C91BC942}") = "halfQSort", "halfQSort.vcxproj", "{99DDBB9D-7EC3-448F-AE91-63244C151368}"
EndProject
Global
	GlobalSection(SolutionConfigurationPlatforms) = preSolution
		Debug|x64 = Debug|x64
		Debug|x86 = Debug|x86
		Release|x64 = Release|x64
		Release|x86 = Release|x86
	EndGlobalSection
	GlobalSection(ProjectConfigurationPlatforms) = postSolution
		{99DDBB9D-7EC3-448F-AE91-63244C151368}.Debug|x64.ActiveCfg = Debug|x64
		{99DDBB9D-7EC3-448F-AE91-63244C151368}.Debug|x64.Build.0 = Debug|x64
		{99DDBB9D-7EC3-448F-AE91-63244C151368}.Debug|x86.ActiveCfg = Debug|Win32
		{99DDBB9D-7EC3-448F-AE91-63244C151368}.Debug|x86.Build.0 = Debug|Win32
		{99DDBB9D-7EC3-448F-AE91-63244C151368}.Release|x64.ActiveCfg = Release|x64
		{99DDBB9D-7EC3-448F-AE91-63244C151368}.Release|x64.Build.0 = Release|x64
		{99DDBB9D-7EC3-448F-AE91-63244C151368}.Release|x86.ActiveCfg = Release|Win32
		{99DDBB9D-7EC3-448F-AE91-63244C151368}.Release|x86.Build.0 = Release|Win32
	EndGlobalSection
	GlobalSection(SolutionProperties) = preSolution
		HideSolutionNode = FALSE
	EndGlobalSection
	GlobalSection(ExtensibilityGlobals) = postSolution
		SolutionGuid = {AC74E430-81DC-4CE4-95BC-F955143E64A1}
	EndGlobalSection
EndGlobal
